{
  "version": "5",
  "specifiers": {
    "jsr:@std/assert@*": "1.0.17",
    "jsr:@std/cli@*": "1.0.25",
    "jsr:@std/internal@^1.0.12": "1.0.12"
  },
  "jsr": {
    "@std/assert@1.0.17": {
      "integrity": "df5ebfffe77c03b3fa1401e11c762cc8f603d51021c56c4d15a8c7ab45e90dbe",
      "dependencies": [
        "jsr:@std/internal"
      ]
    },
    "@std/cli@1.0.25": {
      "integrity": "1f85051b370c97a7a9dfc6ba626e7ed57a91bea8c081597276d1e78d929d8c91"
    },
    "@std/internal@1.0.12": {
      "integrity": "972a634fd5bc34b242024402972cd5143eac68d8dffaca5eaa4dba30ce17b027"
    }
  },
  "workspace": {
    "dependencies": [
      "jsr:@std/async@1",
      "jsr:@std/http@1",
      "jsr:@std/json@1"
    ]
  }
}
